# THIS IS AN AUTOGENERATED FILE. DO NOT EDIT THIS FILE DIRECTLY.
# yarn lockfile v1


body-scroll-lock@^2.6.1:
  version "2.6.1"
  resolved "https://registry.yarnpkg.com/body-scroll-lock/-/body-scroll-lock-2.6.1.tgz#3782ff37404886faaee366968ceee40c3964d8f2"

hamburgers@^1.1.3:
  version "1.1.3"
  resolved "https://registry.yarnpkg.com/hamburgers/-/hamburgers-1.1.3.tgz#eb583ede269d3a774aa5f613442b17ea13952b84"
